
Microsoft Visual Studio Solution File, Format Version 12.00
# Visual Studio Version 16
VisualStudioVersion = 16.0.31605.320
MinimumVisualStudioVersion = 10.0.40219.1
Project("{8BC9CEB8-8B4A-11D0-8D11-00A0C91BC942}") = "Lesson_Continie_3", "Lesson_Continie_3\Lesson_Continie_3.vcxproj", "{E66AB3FB-B47F-44B8-B72E-2EFE63579546}"
EndProject
Project("{8BC9CEB8-8B4A-11D0-8D11-00A0C91BC942}") = "Leeson_continie_4", "Leeson_continie_4\Leeson_continie_4.vcxproj", "{438F85E9-B430-4E3E-8E1A-43A66007FE10}"
EndProject
Global
	GlobalSection(SolutionConfigurationPlatforms) = preSolution
		Debug|x64 = Debug|x64
		Debug|x86 = Debug|x86
		Release|x64 = Release|x64
		Release|x86 = Release|x86
	EndGlobalSection
	GlobalSection(ProjectConfigurationPlatforms) = postSolution
		{E66AB3FB-B47F-44B8-B72E-2EFE63579546}.Debug|x64.ActiveCfg = Debug|x64
		{E66AB3FB-B47F-44B8-B72E-2EFE63579546}.Debug|x64.Build.0 = Debug|x64
		{E66AB3FB-B47F-44B8-B72E-2EFE63579546}.Debug|x86.ActiveCfg = Debug|Win32
		{E66AB3FB-B47F-44B8-B72E-2EFE63579546}.Debug|x86.Build.0 = Debug|Win32
		{E66AB3FB-B47F-44B8-B72E-2EFE63579546}.Release|x64.ActiveCfg = Release|x64
		{E66AB3FB-B47F-44B8-B72E-2EFE63579546}.Release|x64.Build.0 = Release|x64
		{E66AB3FB-B47F-44B8-B72E-2EFE63579546}.Release|x86.ActiveCfg = Release|Win32
		{E66AB3FB-B47F-44B8-B72E-2EFE63579546}.Release|x86.Build.0 = Release|Win32
		{438F85E9-B430-4E3E-8E1A-43A66007FE10}.Debug|x64.ActiveCfg = Debug|x64
		{438F85E9-B430-4E3E-8E1A-43A66007FE10}.Debug|x64.Build.0 = Debug|x64
		{438F85E9-B430-4E3E-8E1A-43A66007FE10}.Debug|x86.ActiveCfg = Debug|Win32
		{438F85E9-B430-4E3E-8E1A-43A66007FE10}.Debug|x86.Build.0 = Debug|Win32
		{438F85E9-B430-4E3E-8E1A-43A66007FE10}.Release|x64.ActiveCfg = Release|x64
		{438F85E9-B430-4E3E-8E1A-43A66007FE10}.Release|x64.Build.0 = Release|x64
		{438F85E9-B430-4E3E-8E1A-43A66007FE10}.Release|x86.ActiveCfg = Release|Win32
		{438F85E9-B430-4E3E-8E1A-43A66007FE10}.Release|x86.Build.0 = Release|Win32
	EndGlobalSection
	GlobalSection(SolutionProperties) = preSolution
		HideSolutionNode = FALSE
	EndGlobalSection
	GlobalSection(ExtensibilityGlobals) = postSolution
		SolutionGuid = {ED8DB595-9BE0-4223-A28F-A5F5D169A91B}
	EndGlobalSection
EndGlobal
